Microsoft Visual Studio Solution File, Format Version 11.00
# Visual Studio 2008

Project("{AB95FBA1-3AF6-581F-4B4A-8B034C534976}") = "ld29", "Assembly-CSharp-vs.csproj", "{AE828CD4-EA38-3759-B755-9E2AFA9D8098}"
EndProject
Project("{AB95FBA1-3AF6-581F-4B4A-8B034C534976}") = "ld29", "Assembly-CSharp-Editor-vs.csproj", "{9728646B-1C2E-B5F3-109E-DB30CED0A593}"
EndProject
Global
	GlobalSection(SolutionConfigurationPlatforms) = preSolution
		Debug|Any CPU = Debug|Any CPU
		Release|Any CPU = Release|Any CPU
	EndGlobalSection
	GlobalSection(ProjectConfigurationPlatforms) = postSolution
		{AE828CD4-EA38-3759-B755-9E2AFA9D8098}.Debug|Any CPU.ActiveCfg = Debug|Any CPU
		{AE828CD4-EA38-3759-B755-9E2AFA9D8098}.Debug|Any CPU.Build.0 = Debug|Any CPU
		{AE828CD4-EA38-3759-B755-9E2AFA9D8098}.Release|Any CPU.ActiveCfg = Release|Any CPU
		{AE828CD4-EA38-3759-B755-9E2AFA9D8098}.Release|Any CPU.Build.0 = Release|Any CPU
		{9728646B-1C2E-B5F3-109E-DB30CED0A593}.Debug|Any CPU.ActiveCfg = Debug|Any CPU
		{9728646B-1C2E-B5F3-109E-DB30CED0A593}.Debug|Any CPU.Build.0 = Debug|Any CPU
		{9728646B-1C2E-B5F3-109E-DB30CED0A593}.Release|Any CPU.ActiveCfg = Release|Any CPU
		{9728646B-1C2E-B5F3-109E-DB30CED0A593}.Release|Any CPU.Build.0 = Release|Any CPU
	EndGlobalSection
	GlobalSection(SolutionProperties) = preSolution
		HideSolutionNode = FALSE
	EndGlobalSection
																																											GlobalSection(MonoDevelopProperties) = preSolution
		StartupItem = Assembly-CSharp.csproj
		Policies = $0
		$0.TextStylePolicy = $1
		$1.inheritsSet = null
		$1.scope = text/x-csharp
		$0.CSharpFormattingPolicy = $2
		$2.inheritsSet = Mono
		$2.inheritsScope = text/x-csharp
		$2.scope = text/x-csharp
		$0.TextStylePolicy = $3
		$3.FileWidth = 120
		$3.TabWidth = 4
		$3.EolMarker = Unix
		$3.inheritsSet = Mono
		$3.inheritsScope = text/plain
		$3.scope = text/plain
	EndGlobalSection

EndGlobal
